
Microsoft Visual Studio Solution File, Format Version 12.00
# Visual Studio Version 16
VisualStudioVersion = 16.0.31129.286
MinimumVisualStudioVersion = 10.0.40219.1
Project("{FAE04EC0-301F-11D3-BF4B-00C04F79EFBC}") = "AffinityManager", "AffinityManager\AffinityManager.csproj", "{B4E93942-7FCE-4911-A655-C03FD9614B3D}"
EndProject
Global
	GlobalSection(SolutionConfigurationPlatforms) = preSolution
		Debug|Any CPU = Debug|Any CPU
		Release|Any CPU = Release|Any CPU
	EndGlobalSection
	GlobalSection(ProjectConfigurationPlatforms) = postSolution
		{B4E93942-7FCE-4911-A655-C03FD9614B3D}.Debug|Any CPU.ActiveCfg = Debug|Any CPU
		{B4E93942-7FCE-4911-A655-C03FD9614B3D}.Debug|Any CPU.Build.0 = Debug|Any CPU
		{B4E93942-7FCE-4911-A655-C03FD9614B3D}.Release|Any CPU.ActiveCfg = Release|Any CPU
		{B4E93942-7FCE-4911-A655-C03FD9614B3D}.Release|Any CPU.Build.0 = Release|Any CPU
	EndGlobalSection
	GlobalSection(SolutionProperties) = preSolution
		HideSolutionNode = FALSE
	EndGlobalSection
	GlobalSection(ExtensibilityGlobals) = postSolution
		SolutionGuid = {8F81B01B-DC1B-4A62-AD3B-72E452D3A881}
	EndGlobalSection
EndGlobal
